// !$*UTF8*$!
{
	archiveVersion = 1;
	classes = {
	};
	objectVersion = 46;
	objects = {

/* Begin PBXBuildFile section */
		7E036D421613A419009DE619 /* UIKit.framework in Frameworks */ = {isa = PBXBuildFile; fileRef = 7E036D411613A419009DE619 /* UIKit.framework */; };
		7E036D441613A419009DE619 /* Foundation.framework in Frameworks */ = {isa = PBXBuildFile; fileRef = 7E036D431613A419009DE619 /* Foundation.framework */; };
		7E036D461613A419009DE619 /* CoreGraphics.framework in Frameworks */ = {isa = PBXBuildFile; fileRef = 7E036D451613A419009DE619 /* CoreGraphics.framework */; };
		7E036D4C1613A419009DE619 /* InfoPlist.strings in Resources */ = {isa = PBXBuildFile; fileRef = 7E036D4A1613A419009DE619 /* InfoPlist.strings */; };
		7E036D4E1613A419009DE619 /* main.m in Sources */ = {isa = PBXBuildFile; fileRef = 7E036D4D1613A419009DE619 /* main.m */; };
		7E036D521613A41A009DE619 /* AppDelegate.m in Sources */ = {isa = PBXBuildFile; fileRef = 7E036D511613A41A009DE619 /* AppDelegate.m */; };
		7E036D541613A41A009DE619 /* Default.png in Resources */ = {isa = PBXBuildFile; fileRef = 7E036D531613A41A009DE619 /* Default.png */; };
		7E036D561613A41A009DE619 /* Default@2x.png in Resources */ = {isa = PBXBuildFile; fileRef = 7E036D551613A41A009DE619 /* Default@2x.png */; };
		7E036D581613A41A009DE619 /* Default-568h@2x.png in Resources */ = {isa = PBXBuildFile; fileRef = 7E036D571613A41A009DE619 /* Default-568h@2x.png */; };
		7E036D681613B5C4009DE619 /* QuartzCore.framework in Frameworks */ = {isa = PBXBuildFile; fileRef = 7E036D671613B5C4009DE619 /* QuartzCore.framework */; };
		7E74C02C1614F4B8008D86F0 /* JTCell.m in Sources */ = {isa = PBXBuildFile; fileRef = 7E74C02B1614F4B8008D86F0 /* JTCell.m */; };
		7E74C0341614FB80008D86F0 /* JTCollectionViewLayout.m in Sources */ = {isa = PBXBuildFile; fileRef = 7E74C0331614FB73008D86F0 /* JTCollectionViewLayout.m */; };
		7E74C0561615E177008D86F0 /* bin.jpg in Resources */ = {isa = PBXBuildFile; fileRef = 7E74C04A1615E177008D86F0 /* bin.jpg */; };
		7E74C0571615E177008D86F0 /* century.jpg in Resources */ = {isa = PBXBuildFile; fileRef = 7E74C04B1615E177008D86F0 /* century.jpg */; };
		7E74C0581615E177008D86F0 /* gecko.jpg in Resources */ = {isa = PBXBuildFile; fileRef = 7E74C04C1615E177008D86F0 /* gecko.jpg */; };
		7E74C0591615E177008D86F0 /* joy.jpeg in Resources */ = {isa = PBXBuildFile; fileRef = 7E74C04D1615E177008D86F0 /* joy.jpeg */; };
		7E74C05A1615E177008D86F0 /* joyce.jpg in Resources */ = {isa = PBXBuildFile; fileRef = 7E74C04E1615E177008D86F0 /* joyce.jpg */; };
		7E74C05B1615E177008D86F0 /* keira.jpg in Resources */ = {isa = PBXBuildFile; fileRef = 7E74C04F1615E177008D86F0 /* keira.jpg */; };
		7E74C05C1615E177008D86F0 /* mei.jpg in Resources */ = {isa = PBXBuildFile; fileRef = 7E74C0501615E177008D86F0 /* mei.jpg */; };
		7E74C05D1615E177008D86F0 /* mimi.jpg in Resources */ = {isa = PBXBuildFile; fileRef = 7E74C0511615E177008D86F0 /* mimi.jpg */; };
		7E74C05E1615E177008D86F0 /* nyu.jpg in Resources */ = {isa = PBXBuildFile; fileRef = 7E74C0521615E177008D86F0 /* nyu.jpg */; };
		7E74C05F1615E177008D86F0 /* ray.jpg in Resources */ = {isa = PBXBuildFile; fileRef = 7E74C0531615E177008D86F0 /* ray.jpg */; };
		7E74C0601615E177008D86F0 /* shi.jpg in Resources */ = {isa = PBXBuildFile; fileRef = 7E74C0541615E177008D86F0 /* shi.jpg */; };
		7E74C0611615E177008D86F0 /* wen.jpg in Resources */ = {isa = PBXBuildFile; fileRef = 7E74C0551615E177008D86F0 /* wen.jpg */; };
		7E74C079161B5849008D86F0 /* JTSecondViewController.m in Sources */ = {isa = PBXBuildFile; fileRef = 7E74C078161B5849008D86F0 /* JTSecondViewController.m */; };
		7E74C07C161B598E008D86F0 /* JTSecondViewLayout.m in Sources */ = {isa = PBXBuildFile; fileRef = 7E74C07B161B598E008D86F0 /* JTSecondViewLayout.m */; };
		7E74C07F161B5DCA008D86F0 /* JTSecondCell.m in Sources */ = {isa = PBXBuildFile; fileRef = 7E74C07E161B5DCA008D86F0 /* JTSecondCell.m */; };
		7EAA79C71614E125009E8257 /* JTViewController.m in Sources */ = {isa = PBXBuildFile; fileRef = 7EAA79C61614E125009E8257 /* JTViewController.m */; };
/* End PBXBuildFile section */

/* Begin PBXFileReference section */
		7E036D3D1613A419009DE619 /* JTCollectionView.app */ = {isa = PBXFileReference; explicitFileType = wrapper.application; includeInIndex = 0; path = JTCollectionView.app; sourceTree = BUILT_PRODUCTS_DIR; };
		7E036D411613A419009DE619 /* UIKit.framework */ = {isa = PBXFileReference; lastKnownFileType = wrapper.framework; name = UIKit.framework; path = System/Library/Frameworks/UIKit.framework; sourceTree = SDKROOT; };
		7E036D431613A419009DE619 /* Foundation.framework */ = {isa = PBXFileReference; lastKnownFileType = wrapper.framework; name = Foundation.framework; path = System/Library/Frameworks/Foundation.framework; sourceTree = SDKROOT; };
		7E036D451613A419009DE619 /* CoreGraphics.framework */ = {isa = PBXFileReference; lastKnownFileType = wrapper.framework; name = CoreGraphics.framework; path = System/Library/Frameworks/CoreGraphics.framework; sourceTree = SDKROOT; };
		7E036D491613A419009DE619 /* JTCollectionView-Info.plist */ = {isa = PBXFileReference; lastKnownFileType = text.plist.xml; path = "JTCollectionView-Info.plist"; sourceTree = "<group>"; };
		7E036D4B1613A419009DE619 /* en */ = {isa = PBXFileReference; lastKnownFileType = text.plist.strings; name = en; path = en.lproj/InfoPlist.strings; sourceTree = "<group>"; };
		7E036D4D1613A419009DE619 /* main.m */ = {isa = PBXFileReference; lastKnownFileType = sourcecode.c.objc; path = main.m; sourceTree = "<group>"; };
		7E036D4F1613A419009DE619 /* JTCollectionView-Prefix.pch */ = {isa = PBXFileReference; lastKnownFileType = sourcecode.c.h; path = "JTCollectionView-Prefix.pch"; sourceTree = "<group>"; };
		7E036D501613A41A009DE619 /* AppDelegate.h */ = {isa = PBXFileReference; lastKnownFileType = sourcecode.c.h; path = AppDelegate.h; sourceTree = "<group>"; };
		7E036D511613A41A009DE619 /* AppDelegate.m */ = {isa = PBXFileReference; lastKnownFileType = sourcecode.c.objc; path = AppDelegate.m; sourceTree = "<group>"; };
		7E036D531613A41A009DE619 /* Default.png */ = {isa = PBXFileReference; lastKnownFileType = image.png; path = Default.png; sourceTree = "<group>"; };
		7E036D551613A41A009DE619 /* Default@2x.png */ = {isa = PBXFileReference; lastKnownFileType = image.png; path = "Default@2x.png"; sourceTree = "<group>"; };
		7E036D571613A41A009DE619 /* Default-568h@2x.png */ = {isa = PBXFileReference; lastKnownFileType = image.png; path = "Default-568h@2x.png"; sourceTree = "<group>"; };
		7E036D671613B5C4009DE619 /* QuartzCore.framework */ = {isa = PBXFileReference; lastKnownFileType = wrapper.framework; name = QuartzCore.framework; path = System/Library/Frameworks/QuartzCore.framework; sourceTree = SDKROOT; };
		7E74C02A1614F4B8008D86F0 /* JTCell.h */ = {isa = PBXFileReference; fileEncoding = 4; lastKnownFileType = sourcecode.c.h; path = JTCell.h; sourceTree = "<group>"; };
		7E74C02B1614F4B8008D86F0 /* JTCell.m */ = {isa = PBXFileReference; fileEncoding = 4; lastKnownFileType = sourcecode.c.objc; path = JTCell.m; sourceTree = "<group>"; };
		7E74C0321614FB73008D86F0 /* JTCollectionViewLayout.h */ = {isa = PBXFileReference; lastKnownFileType = sourcecode.c.h; path = JTCollectionViewLayout.h; sourceTree = "<group>"; };
		7E74C0331614FB73008D86F0 /* JTCollectionViewLayout.m */ = {isa = PBXFileReference; lastKnownFileType = sourcecode.c.objc; path = JTCollectionViewLayout.m; sourceTree = "<group>"; };
		7E74C04A1615E177008D86F0 /* bin.jpg */ = {isa = PBXFileReference; lastKnownFileType = image.jpeg; path = bin.jpg; sourceTree = "<group>"; };
		7E74C04B1615E177008D86F0 /* century.jpg */ = {isa = PBXFileReference; lastKnownFileType = image.jpeg; path = century.jpg; sourceTree = "<group>"; };
		7E74C04C1615E177008D86F0 /* gecko.jpg */ = {isa = PBXFileReference; lastKnownFileType = image.jpeg; path = gecko.jpg; sourceTree = "<group>"; };
		7E74C04D1615E177008D86F0 /* joy.jpeg */ = {isa = PBXFileReference; lastKnownFileType = image.jpeg; path = joy.jpeg; sourceTree = "<group>"; };
		7E74C04E1615E177008D86F0 /* joyce.jpg */ = {isa = PBXFileReference; lastKnownFileType = image.jpeg; path = joyce.jpg; sourceTree = "<group>"; };
		7E74C04F1615E177008D86F0 /* keira.jpg */ = {isa = PBXFileReference; lastKnownFileType = image.jpeg; path = keira.jpg; sourceTree = "<group>"; };
		7E74C0501615E177008D86F0 /* mei.jpg */ = {isa = PBXFileReference; lastKnownFileType = image.jpeg; path = mei.jpg; sourceTree = "<group>"; };
		7E74C0511615E177008D86F0 /* mimi.jpg */ = {isa = PBXFileReference; lastKnownFileType = image.jpeg; path = mimi.jpg; sourceTree = "<group>"; };
		7E74C0521615E177008D86F0 /* nyu.jpg */ = {isa = PBXFileReference; lastKnownFileType = image.jpeg; path = nyu.jpg; sourceTree = "<group>"; };
		7E74C0531615E177008D86F0 /* ray.jpg */ = {isa = PBXFileReference; lastKnownFileType = image.jpeg; path = ray.jpg; sourceTree = "<group>"; };
		7E74C0541615E177008D86F0 /* shi.jpg */ = {isa = PBXFileReference; lastKnownFileType = image.jpeg; path = shi.jpg; sourceTree = "<group>"; };
		7E74C0551615E177008D86F0 /* wen.jpg */ = {isa = PBXFileReference; lastKnownFileType = image.jpeg; path = wen.jpg; sourceTree = "<group>"; };
		7E74C077161B5849008D86F0 /* JTSecondViewController.h */ = {isa = PBXFileReference; fileEncoding = 4; lastKnownFileType = sourcecode.c.h; name = JTSecondViewController.h; path = "Second Collection View/JTSecondViewController.h"; sourceTree = "<group>"; };
		7E74C078161B5849008D86F0 /* JTSecondViewController.m */ = {isa = PBXFileReference; fileEncoding = 4; lastKnownFileType = sourcecode.c.objc; name = JTSecondViewController.m; path = "Second Collection View/JTSecondViewController.m"; sourceTree = "<group>"; };
		7E74C07A161B598E008D86F0 /* JTSecondViewLayout.h */ = {isa = PBXFileReference; fileEncoding = 4; lastKnownFileType = sourcecode.c.h; name = JTSecondViewLayout.h; path = "Second Collection View/JTSecondViewLayout.h"; sourceTree = "<group>"; };
		7E74C07B161B598E008D86F0 /* JTSecondViewLayout.m */ = {isa = PBXFileReference; fileEncoding = 4; lastKnownFileType = sourcecode.c.objc; name = JTSecondViewLayout.m; path = "Second Collection View/JTSecondViewLayout.m"; sourceTree = "<group>"; };
		7E74C07D161B5DCA008D86F0 /* JTSecondCell.h */ = {isa = PBXFileReference; fileEncoding = 4; lastKnownFileType = sourcecode.c.h; name = JTSecondCell.h; path = "Second Collection View/JTSecondCell.h"; sourceTree = "<group>"; };
		7E74C07E161B5DCA008D86F0 /* JTSecondCell.m */ = {isa = PBXFileReference; fileEncoding = 4; lastKnownFileType = sourcecode.c.objc; name = JTSecondCell.m; path = "Second Collection View/JTSecondCell.m"; sourceTree = "<group>"; };
		7EAA79C51614E125009E8257 /* JTViewController.h */ = {isa = PBXFileReference; fileEncoding = 4; lastKnownFileType = sourcecode.c.h; path = JTViewController.h; sourceTree = "<group>"; };
		7EAA79C61614E125009E8257 /* JTViewController.m */ = {isa = PBXFileReference; fileEncoding = 4; lastKnownFileType = sourcecode.c.objc; path = JTViewController.m; sourceTree = "<group>"; };
/* End PBXFileReference section */

/* Begin PBXFrameworksBuildPhase section */
		7E036D3A1613A419009DE619 /* Frameworks */ = {
			isa = PBXFrameworksBuildPhase;
			buildActionMask = 2147483647;
			files = (
				7E036D681613B5C4009DE619 /* QuartzCore.framework in Frameworks */,
				7E036D461613A419009DE619 /* CoreGraphics.framework in Frameworks */,
				7E036D421613A419009DE619 /* UIKit.framework in Frameworks */,
				7E036D441613A419009DE619 /* Foundation.framework in Frameworks */,
			);
			runOnlyForDeploymentPostprocessing = 0;
		};
/* End PBXFrameworksBuildPhase section */

/* Begin PBXGroup section */
		7E036D321613A419009DE619 = {
			isa = PBXGroup;
			children = (
				7E036D471613A419009DE619 /* JTCollectionView */,
				7E036D401613A419009DE619 /* Frameworks */,
				7E036D3E1613A419009DE619 /* Products */,
			);
			sourceTree = "<group>";
		};
		7E036D3E1613A419009DE619 /* Products */ = {
			isa = PBXGroup;
			children = (
				7E036D3D1613A419009DE619 /* JTCollectionView.app */,
			);
			name = Products;
			sourceTree = "<group>";
		};
		7E036D401613A419009DE619 /* Frameworks */ = {
			isa = PBXGroup;
			children = (
				7E036D671613B5C4009DE619 /* QuartzCore.framework */,
				7E036D411613A419009DE619 /* UIKit.framework */,
				7E036D431613A419009DE619 /* Foundation.framework */,
				7E036D451613A419009DE619 /* CoreGraphics.framework */,
			);
			name = Frameworks;
			sourceTree = "<group>";
		};
		7E036D471613A419009DE619 /* JTCollectionView */ = {
			isa = PBXGroup;
			children = (
				7E74C0491615E168008D86F0 /* Assets */,
				7E036D501613A41A009DE619 /* AppDelegate.h */,
				7E036D511613A41A009DE619 /* AppDelegate.m */,
				7E74C074161B4556008D86F0 /* First Collection View */,
				7E74C076161B57AC008D86F0 /* Second Collection View */,
				7E036D481613A419009DE619 /* Supporting Files */,
			);
			path = JTCollectionView;
			sourceTree = "<group>";
		};
		7E036D481613A419009DE619 /* Supporting Files */ = {
			isa = PBXGroup;
			children = (
				7E036D491613A419009DE619 /* JTCollectionView-Info.plist */,
				7E036D4A1613A419009DE619 /* InfoPlist.strings */,
				7E036D4D1613A419009DE619 /* main.m */,
				7E036D4F1613A419009DE619 /* JTCollectionView-Prefix.pch */,
				7E036D531613A41A009DE619 /* Default.png */,
				7E036D551613A41A009DE619 /* Default@2x.png */,
				7E036D571613A41A009DE619 /* Default-568h@2x.png */,
			);
			name = "Supporting Files";
			sourceTree = "<group>";
		};
		7E74C0491615E168008D86F0 /* Assets */ = {
			isa = PBXGroup;
			children = (
				7E74C04A1615E177008D86F0 /* bin.jpg */,
				7E74C04B1615E177008D86F0 /* century.jpg */,
				7E74C04C1615E177008D86F0 /* gecko.jpg */,
				7E74C04D1615E177008D86F0 /* joy.jpeg */,
				7E74C04E1615E177008D86F0 /* joyce.jpg */,
				7E74C04F1615E177008D86F0 /* keira.jpg */,
				7E74C0501615E177008D86F0 /* mei.jpg */,
				7E74C0511615E177008D86F0 /* mimi.jpg */,
				7E74C0521615E177008D86F0 /* nyu.jpg */,
				7E74C0531615E177008D86F0 /* ray.jpg */,
				7E74C0541615E177008D86F0 /* shi.jpg */,
				7E74C0551615E177008D86F0 /* wen.jpg */,
			);
			name = Assets;
			sourceTree = "<group>";
		};
		7E74C074161B4556008D86F0 /* First Collection View */ = {
			isa = PBXGroup;
			children = (
				7EAA79C51614E125009E8257 /* JTViewController.h */,
				7EAA79C61614E125009E8257 /* JTViewController.m */,
				7E74C02A1614F4B8008D86F0 /* JTCell.h */,
				7E74C02B1614F4B8008D86F0 /* JTCell.m */,
				7E74C0321614FB73008D86F0 /* JTCollectionViewLayout.h */,
				7E74C0331614FB73008D86F0 /* JTCollectionViewLayout.m */,
			);
			name = "First Collection View";
			sourceTree = "<group>";
		};
		7E74C076161B57AC008D86F0 /* Second Collection View */ = {
			isa = PBXGroup;
			children = (
				7E74C077161B5849008D86F0 /* JTSecondViewController.h */,
				7E74C078161B5849008D86F0 /* JTSecondViewController.m */,
				7E74C07A161B598E008D86F0 /* JTSecondViewLayout.h */,
				7E74C07B161B598E008D86F0 /* JTSecondViewLayout.m */,
				7E74C07D161B5DCA008D86F0 /* JTSecondCell.h */,
				7E74C07E161B5DCA008D86F0 /* JTSecondCell.m */,
			);
			name = "Second Collection View";
			sourceTree = "<group>";
		};
/* End PBXGroup section */

/* Begin PBXNativeTarget section */
		7E036D3C1613A419009DE619 /* JTCollectionView */ = {
			isa = PBXNativeTarget;
			buildConfigurationList = 7E036D5B1613A41A009DE619 /* Build configuration list for PBXNativeTarget "JTCollectionView" */;
			buildPhases = (
				7E036D391613A419009DE619 /* Sources */,
				7E036D3A1613A419009DE619 /* Frameworks */,
				7E036D3B1613A419009DE619 /* Resources */,
			);
			buildRules = (
			);
			dependencies = (
			);
			name = JTCollectionView;
			productName = JTCollectionView;
			productReference = 7E036D3D1613A419009DE619 /* JTCollectionView.app */;
			productType = "com.apple.product-type.application";
		};
/* End PBXNativeTarget section */

/* Begin PBXProject section */
		7E036D341613A419009DE619 /* Project object */ = {
			isa = PBXProject;
			attributes = {
				LastUpgradeCheck = 0450;
				ORGANIZATIONNAME = "Joy Tao";
			};
			buildConfigurationList = 7E036D371613A419009DE619 /* Build configuration list for PBXProject "JTCollectionView" */;
			compatibilityVersion = "Xcode 3.2";
			developmentRegion = English;
			hasScannedForEncodings = 0;
			knownRegions = (
				en,
			);
			mainGroup = 7E036D321613A419009DE619;
			productRefGroup = 7E036D3E1613A419009DE619 /* Products */;
			projectDirPath = "";
			projectRoot = "";
			targets = (
				7E036D3C1613A419009DE619 /* JTCollectionView */,
			);
		};
/* End PBXProject section */

/* Begin PBXResourcesBuildPhase section */
		7E036D3B1613A419009DE619 /* Resources */ = {
			isa = PBXResourcesBuildPhase;
			buildActionMask = 2147483647;
			files = (
				7E036D4C1613A419009DE619 /* InfoPlist.strings in Resources */,
				7E036D541613A41A009DE619 /* Default.png in Resources */,
				7E036D561613A41A009DE619 /* Default@2x.png in Resources */,
				7E036D581613A41A009DE619 /* Default-568h@2x.png in Resources */,
				7E74C0561615E177008D86F0 /* bin.jpg in Resources */,
				7E74C0571615E177008D86F0 /* century.jpg in Resources */,
				7E74C0581615E177008D86F0 /* gecko.jpg in Resources */,
				7E74C0591615E177008D86F0 /* joy.jpeg in Resources */,
				7E74C05A1615E177008D86F0 /* joyce.jpg in Resources */,
				7E74C05B1615E177008D86F0 /* keira.jpg in Resources */,
				7E74C05C1615E177008D86F0 /* mei.jpg in Resources */,
				7E74C05D1615E177008D86F0 /* mimi.jpg in Resources */,
				7E74C05E1615E177008D86F0 /* nyu.jpg in Resources */,
				7E74C05F1615E177008D86F0 /* ray.jpg in Resources */,
				7E74C0601615E177008D86F0 /* shi.jpg in Resources */,
				7E74C0611615E177008D86F0 /* wen.jpg in Resources */,
			);
			runOnlyForDeploymentPostprocessing = 0;
		};
/* End PBXResourcesBuildPhase section */

/* Begin PBXSourcesBuildPhase section */
		7E036D391613A419009DE619 /* Sources */ = {
			isa = PBXSourcesBuildPhase;
			buildActionMask = 2147483647;
			files = (
				7E74C0341614FB80008D86F0 /* JTCollectionViewLayout.m in Sources */,
				7E036D4E1613A419009DE619 /* main.m in Sources */,
				7E036D521613A41A009DE619 /* AppDelegate.m in Sources */,
				7EAA79C71614E125009E8257 /* JTViewController.m in Sources */,
				7E74C02C1614F4B8008D86F0 /* JTCell.m in Sources */,
				7E74C079161B5849008D86F0 /* JTSecondViewController.m in Sources */,
				7E74C07C161B598E008D86F0 /* JTSecondViewLayout.m in Sources */,
				7E74C07F161B5DCA008D86F0 /* JTSecondCell.m in Sources */,
			);
			runOnlyForDeploymentPostprocessing = 0;
		};
/* End PBXSourcesBuildPhase section */

/* Begin PBXVariantGroup section */
		7E036D4A1613A419009DE619 /* InfoPlist.strings */ = {
			isa = PBXVariantGroup;
			children = (
				7E036D4B1613A419009DE619 /* en */,
			);
			name = InfoPlist.strings;
			sourceTree = "<group>";
		};
/* End PBXVariantGroup section */

/* Begin XCBuildConfiguration section */
		7E036D591613A41A009DE619 /* Debug */ = {
			isa = XCBuildConfiguration;
			buildSettings = {
				ALWAYS_SEARCH_USER_PATHS = NO;
				CLANG_CXX_LANGUAGE_STANDARD = "gnu++0x";
				CLANG_CXX_LIBRARY = "libc++";
				CLANG_ENABLE_OBJC_ARC = YES;
				CLANG_WARN_EMPTY_BODY = YES;
				CLANG_WARN__DUPLICATE_METHOD_MATCH = YES;
				"CODE_SIGN_IDENTITY[sdk=iphoneos*]" = "iPhone Developer";
				COPY_PHASE_STRIP = NO;
				GCC_C_LANGUAGE_STANDARD = gnu99;
				GCC_DYNAMIC_NO_PIC = NO;
				GCC_OPTIMIZATION_LEVEL = 0;
				GCC_PREPROCESSOR_DEFINITIONS = (
					"DEBUG=1",
					"$(inherited)",
				);
				GCC_SYMBOLS_PRIVATE_EXTERN = NO;
				GCC_WARN_ABOUT_RETURN_TYPE = YES;
				GCC_WARN_UNINITIALIZED_AUTOS = YES;
				GCC_WARN_UNUSED_VARIABLE = YES;
				IPHONEOS_DEPLOYMENT_TARGET = 6.0;
				SDKROOT = iphoneos;
			};
			name = Debug;
		};
		7E036D5A1613A41A009DE619 /* Release */ = {
			isa = XCBuildConfiguration;
			buildSettings = {
				ALWAYS_SEARCH_USER_PATHS = NO;
				CLANG_CXX_LANGUAGE_STANDARD = "gnu++0x";
				CLANG_CXX_LIBRARY = "libc++";
				CLANG_ENABLE_OBJC_ARC = YES;
				CLANG_WARN_EMPTY_BODY = YES;
				CLANG_WARN__DUPLICATE_METHOD_MATCH = YES;
				"CODE_SIGN_IDENTITY[sdk=iphoneos*]" = "iPhone Developer";
				COPY_PHASE_STRIP = YES;
				GCC_C_LANGUAGE_STANDARD = gnu99;
				GCC_WARN_ABOUT_RETURN_TYPE = YES;
				GCC_WARN_UNINITIALIZED_AUTOS = YES;
				GCC_WARN_UNUSED_VARIABLE = YES;
				IPHONEOS_DEPLOYMENT_TARGET = 6.0;
				OTHER_CFLAGS = "-DNS_BLOCK_ASSERTIONS=1";
				SDKROOT = iphoneos;
				VALIDATE_PRODUCT = YES;
			};
			name = Release;
		};
		7E036D5C1613A41A009DE619 /* Debug */ = {
			isa = XCBuildConfiguration;
			buildSettings = {
				GCC_PRECOMPILE_PREFIX_HEADER = YES;
				GCC_PREFIX_HEADER = "JTCollectionView/JTCollectionView-Prefix.pch";
				INFOPLIST_FILE = "JTCollectionView/JTCollectionView-Info.plist";
				PRODUCT_NAME = "$(TARGET_NAME)";
				WRAPPER_EXTENSION = app;
			};
			name = Debug;
		};
		7E036D5D1613A41A009DE619 /* Release */ = {
			isa = XCBuildConfiguration;
			buildSettings = {
				GCC_PRECOMPILE_PREFIX_HEADER = YES;
				GCC_PREFIX_HEADER = "JTCollectionView/JTCollectionView-Prefix.pch";
				INFOPLIST_FILE = "JTCollectionView/JTCollectionView-Info.plist";
				PRODUCT_NAME = "$(TARGET_NAME)";
				WRAPPER_EXTENSION = app;
			};
			name = Release;
		};
/* End XCBuildConfiguration section */

/* Begin XCConfigurationList section */
		7E036D371613A419009DE619 /* Build configuration list for PBXProject "JTCollectionView" */ = {
			isa = XCConfigurationList;
			buildConfigurations = (
				7E036D591613A41A009DE619 /* Debug */,
				7E036D5A1613A41A009DE619 /* Release */,
			);
			defaultConfigurationIsVisible = 0;
			defaultConfigurationName = Release;
		};
		7E036D5B1613A41A009DE619 /* Build configuration list for PBXNativeTarget "JTCollectionView" */ = {
			isa = XCConfigurationList;
			buildConfigurations = (
				7E036D5C1613A41A009DE619 /* Debug */,
				7E036D5D1613A41A009DE619 /* Release */,
			);
			defaultConfigurationIsVisible = 0;
			defaultConfigurationName = Release;
		};
/* End XCConfigurationList section */
	};
	rootObject = 7E036D341613A419009DE619 /* Project object */;
}
